
Microsoft Visual Studio Solution File, Format Version 12.00
# Visual Studio Version 16
VisualStudioVersion = 16.0.31702.278
MinimumVisualStudioVersion = 10.0.40219.1
Project("{9A19103F-16F7-4668-BE54-9A1E7A4F7556}") = "MovieLibrary", "MovieLibrary\MovieLibrary.csproj", "{3D550C2F-D091-4581-AEF1-BAB846EFE4F2}"
EndProject
Project("{9A19103F-16F7-4668-BE54-9A1E7A4F7556}") = "MovieLibrary.Test", "MovieLibrary.Test\MovieLibrary.Test.csproj", "{8A902D8F-142D-4548-8EA6-707B6BFA17EC}"
EndProject
Global
	GlobalSection(SolutionConfigurationPlatforms) = preSolution
		Debug|Any CPU = Debug|Any CPU
		Release|Any CPU = Release|Any CPU
	EndGlobalSection
	GlobalSection(ProjectConfigurationPlatforms) = postSolution
		{3D550C2F-D091-4581-AEF1-BAB846EFE4F2}.Debug|Any CPU.ActiveCfg = Debug|Any CPU
		{3D550C2F-D091-4581-AEF1-BAB846EFE4F2}.Debug|Any CPU.Build.0 = Debug|Any CPU
		{3D550C2F-D091-4581-AEF1-BAB846EFE4F2}.Release|Any CPU.ActiveCfg = Release|Any CPU
		{3D550C2F-D091-4581-AEF1-BAB846EFE4F2}.Release|Any CPU.Build.0 = Release|Any CPU
		{8A902D8F-142D-4548-8EA6-707B6BFA17EC}.Debug|Any CPU.ActiveCfg = Debug|Any CPU
		{8A902D8F-142D-4548-8EA6-707B6BFA17EC}.Debug|Any CPU.Build.0 = Debug|Any CPU
		{8A902D8F-142D-4548-8EA6-707B6BFA17EC}.Release|Any CPU.ActiveCfg = Release|Any CPU
		{8A902D8F-142D-4548-8EA6-707B6BFA17EC}.Release|Any CPU.Build.0 = Release|Any CPU
	EndGlobalSection
	GlobalSection(SolutionProperties) = preSolution
		HideSolutionNode = FALSE
	EndGlobalSection
	GlobalSection(ExtensibilityGlobals) = postSolution
		SolutionGuid = {68CEB30A-2B7A-465B-A950-1FB8492C0ABD}
	EndGlobalSection
EndGlobal
